
Microsoft Visual Studio Solution File, Format Version 12.00
# Visual Studio Version 16
VisualStudioVersion = 16.0.29519.181
MinimumVisualStudioVersion = 10.0.40219.1
Project("{FAE04EC0-301F-11D3-BF4B-00C04F79EFBC}") = "MotoToolEngine", "MotoToolEngine\MotoToolEngine.csproj", "{F5F92F16-C783-4B17-B725-B06F1D725B9C}"
EndProject
Project("{FAE04EC0-301F-11D3-BF4B-00C04F79EFBC}") = "USBLib", "..\USBLib\USBLib\USBLib.csproj", "{D5E4C645-FF2E-4F83-A287-3EA3E50D5833}"
EndProject
Project("{FAE04EC0-301F-11D3-BF4B-00C04F79EFBC}") = "AndroidLib", "..\AndroidLib-Stock\AndroidLib\AndroidLib.csproj", "{78CF716A-850C-4259-8C2F-B31CF38A0EBB}"
EndProject
Global
	GlobalSection(SolutionConfigurationPlatforms) = preSolution
		Debug|Any CPU = Debug|Any CPU
		Debug|Mixed Platforms = Debug|Mixed Platforms
		Debug|x64 = Debug|x64
		Debug|x86 = Debug|x86
		Debug-NET35|Any CPU = Debug-NET35|Any CPU
		Debug-NET35|Mixed Platforms = Debug-NET35|Mixed Platforms
		Debug-NET35|x64 = Debug-NET35|x64
		Debug-NET35|x86 = Debug-NET35|x86
		Debug-NET40|Any CPU = Debug-NET40|Any CPU
		Debug-NET40|Mixed Platforms = Debug-NET40|Mixed Platforms
		Debug-NET40|x64 = Debug-NET40|x64
		Debug-NET40|x86 = Debug-NET40|x86
		Release|Any CPU = Release|Any CPU
		Release|Mixed Platforms = Release|Mixed Platforms
		Release|x64 = Release|x64
		Release|x86 = Release|x86
		Release-NET35|Any CPU = Release-NET35|Any CPU
		Release-NET35|Mixed Platforms = Release-NET35|Mixed Platforms
		Release-NET35|x64 = Release-NET35|x64
		Release-NET35|x86 = Release-NET35|x86
		Release-NET40|Any CPU = Release-NET40|Any CPU
		Release-NET40|Mixed Platforms = Release-NET40|Mixed Platforms
		Release-NET40|x64 = Release-NET40|x64
		Release-NET40|x86 = Release-NET40|x86
	EndGlobalSection
	GlobalSection(ProjectConfigurationPlatforms) = postSolution
		{F5F92F16-C783-4B17-B725-B06F1D725B9C}.Debug|Any CPU.ActiveCfg = Debug|Any CPU
		{F5F92F16-C783-4B17-B725-B06F1D725B9C}.Debug|Any CPU.Build.0 = Debug|Any CPU
		{F5F92F16-C783-4B17-B725-B06F1D725B9C}.Debug|Mixed Platforms.ActiveCfg = Debug|Any CPU
		{F5F92F16-C783-4B17-B725-B06F1D725B9C}.Debug|Mixed Platforms.Build.0 = Debug|Any CPU
		{F5F92F16-C783-4B17-B725-B06F1D725B9C}.Debug|x64.ActiveCfg = Debug|x64
		{F5F92F16-C783-4B17-B725-B06F1D725B9C}.Debug|x64.Build.0 = Debug|x64
		{F5F92F16-C783-4B17-B725-B06F1D725B9C}.Debug|x86.ActiveCfg = Debug|Any CPU
		{F5F92F16-C783-4B17-B725-B06F1D725B9C}.Debug-NET35|Any CPU.ActiveCfg = Debug|Any CPU
		{F5F92F16-C783-4B17-B725-B06F1D725B9C}.Debug-NET35|Any CPU.Build.0 = Debug|Any CPU
		{F5F92F16-C783-4B17-B725-B06F1D725B9C}.Debug-NET35|Mixed Platforms.ActiveCfg = Debug|Any CPU
		{F5F92F16-C783-4B17-B725-B06F1D725B9C}.Debug-NET35|Mixed Platforms.Build.0 = Debug|Any CPU
		{F5F92F16-C783-4B17-B725-B06F1D725B9C}.Debug-NET35|x64.ActiveCfg = Debug|x64
		{F5F92F16-C783-4B17-B725-B06F1D725B9C}.Debug-NET35|x64.Build.0 = Debug|x64
		{F5F92F16-C783-4B17-B725-B06F1D725B9C}.Debug-NET35|x86.ActiveCfg = Debug|Any CPU
		{F5F92F16-C783-4B17-B725-B06F1D725B9C}.Debug-NET35|x86.Build.0 = Debug|Any CPU
		{F5F92F16-C783-4B17-B725-B06F1D725B9C}.Debug-NET40|Any CPU.ActiveCfg = Debug|Any CPU
		{F5F92F16-C783-4B17-B725-B06F1D725B9C}.Debug-NET40|Any CPU.Build.0 = Debug|Any CPU
		{F5F92F16-C783-4B17-B725-B06F1D725B9C}.Debug-NET40|Mixed Platforms.ActiveCfg = Debug|Any CPU
		{F5F92F16-C783-4B17-B725-B06F1D725B9C}.Debug-NET40|Mixed Platforms.Build.0 = Debug|Any CPU
		{F5F92F16-C783-4B17-B725-B06F1D725B9C}.Debug-NET40|x64.ActiveCfg = Debug|x64
		{F5F92F16-C783-4B17-B725-B06F1D725B9C}.Debug-NET40|x64.Build.0 = Debug|x64
		{F5F92F16-C783-4B17-B725-B06F1D725B9C}.Debug-NET40|x86.ActiveCfg = Debug|Any CPU
		{F5F92F16-C783-4B17-B725-B06F1D725B9C}.Debug-NET40|x86.Build.0 = Debug|Any CPU
		{F5F92F16-C783-4B17-B725-B06F1D725B9C}.Release|Any CPU.ActiveCfg = Release|Any CPU
		{F5F92F16-C783-4B17-B725-B06F1D725B9C}.Release|Any CPU.Build.0 = Release|Any CPU
		{F5F92F16-C783-4B17-B725-B06F1D725B9C}.Release|Mixed Platforms.ActiveCfg = Release|Any CPU
		{F5F92F16-C783-4B17-B725-B06F1D725B9C}.Release|Mixed Platforms.Build.0 = Release|Any CPU
		{F5F92F16-C783-4B17-B725-B06F1D725B9C}.Release|x64.ActiveCfg = Release|x64
		{F5F92F16-C783-4B17-B725-B06F1D725B9C}.Release|x64.Build.0 = Release|x64
		{F5F92F16-C783-4B17-B725-B06F1D725B9C}.Release|x86.ActiveCfg = Release|Any CPU
		{F5F92F16-C783-4B17-B725-B06F1D725B9C}.Release-NET35|Any CPU.ActiveCfg = Release|Any CPU
		{F5F92F16-C783-4B17-B725-B06F1D725B9C}.Release-NET35|Any CPU.Build.0 = Release|Any CPU
		{F5F92F16-C783-4B17-B725-B06F1D725B9C}.Release-NET35|Mixed Platforms.ActiveCfg = Release|Any CPU
		{F5F92F16-C783-4B17-B725-B06F1D725B9C}.Release-NET35|Mixed Platforms.Build.0 = Release|Any CPU
		{F5F92F16-C783-4B17-B725-B06F1D725B9C}.Release-NET35|x64.ActiveCfg = Release|x64
		{F5F92F16-C783-4B17-B725-B06F1D725B9C}.Release-NET35|x64.Build.0 = Release|x64
		{F5F92F16-C783-4B17-B725-B06F1D725B9C}.Release-NET35|x86.ActiveCfg = Release|Any CPU
		{F5F92F16-C783-4B17-B725-B06F1D725B9C}.Release-NET35|x86.Build.0 = Release|Any CPU
		{F5F92F16-C783-4B17-B725-B06F1D725B9C}.Release-NET40|Any CPU.ActiveCfg = Release|Any CPU
		{F5F92F16-C783-4B17-B725-B06F1D725B9C}.Release-NET40|Any CPU.Build.0 = Release|Any CPU
		{F5F92F16-C783-4B17-B725-B06F1D725B9C}.Release-NET40|Mixed Platforms.ActiveCfg = Release|Any CPU
		{F5F92F16-C783-4B17-B725-B06F1D725B9C}.Release-NET40|Mixed Platforms.Build.0 = Release|Any CPU
		{F5F92F16-C783-4B17-B725-B06F1D725B9C}.Release-NET40|x64.ActiveCfg = Release|x64
		{F5F92F16-C783-4B17-B725-B06F1D725B9C}.Release-NET40|x64.Build.0 = Release|x64
		{F5F92F16-C783-4B17-B725-B06F1D725B9C}.Release-NET40|x86.ActiveCfg = Release|Any CPU
		{F5F92F16-C783-4B17-B725-B06F1D725B9C}.Release-NET40|x86.Build.0 = Release|Any CPU
		{D5E4C645-FF2E-4F83-A287-3EA3E50D5833}.Debug|Any CPU.ActiveCfg = Debug|Any CPU
		{D5E4C645-FF2E-4F83-A287-3EA3E50D5833}.Debug|Any CPU.Build.0 = Debug|Any CPU
		{D5E4C645-FF2E-4F83-A287-3EA3E50D5833}.Debug|Mixed Platforms.ActiveCfg = Debug|Any CPU
		{D5E4C645-FF2E-4F83-A287-3EA3E50D5833}.Debug|Mixed Platforms.Build.0 = Debug|Any CPU
		{D5E4C645-FF2E-4F83-A287-3EA3E50D5833}.Debug|x64.ActiveCfg = Debug|x64
		{D5E4C645-FF2E-4F83-A287-3EA3E50D5833}.Debug|x64.Build.0 = Debug|x64
		{D5E4C645-FF2E-4F83-A287-3EA3E50D5833}.Debug|x86.ActiveCfg = Debug|Any CPU
		{D5E4C645-FF2E-4F83-A287-3EA3E50D5833}.Debug|x86.Build.0 = Debug|Any CPU
		{D5E4C645-FF2E-4F83-A287-3EA3E50D5833}.Debug-NET35|Any CPU.ActiveCfg = Debug|Any CPU
		{D5E4C645-FF2E-4F83-A287-3EA3E50D5833}.Debug-NET35|Any CPU.Build.0 = Debug|Any CPU
		{D5E4C645-FF2E-4F83-A287-3EA3E50D5833}.Debug-NET35|Mixed Platforms.ActiveCfg = Debug|Any CPU
		{D5E4C645-FF2E-4F83-A287-3EA3E50D5833}.Debug-NET35|Mixed Platforms.Build.0 = Debug|Any CPU
		{D5E4C645-FF2E-4F83-A287-3EA3E50D5833}.Debug-NET35|x64.ActiveCfg = Debug|x64
		{D5E4C645-FF2E-4F83-A287-3EA3E50D5833}.Debug-NET35|x64.Build.0 = Debug|x64
		{D5E4C645-FF2E-4F83-A287-3EA3E50D5833}.Debug-NET35|x86.ActiveCfg = Debug|Any CPU
		{D5E4C645-FF2E-4F83-A287-3EA3E50D5833}.Debug-NET35|x86.Build.0 = Debug|Any CPU
		{D5E4C645-FF2E-4F83-A287-3EA3E50D5833}.Debug-NET40|Any CPU.ActiveCfg = Debug|Any CPU
		{D5E4C645-FF2E-4F83-A287-3EA3E50D5833}.Debug-NET40|Any CPU.Build.0 = Debug|Any CPU
		{D5E4C645-FF2E-4F83-A287-3EA3E50D5833}.Debug-NET40|Mixed Platforms.ActiveCfg = Debug|Any CPU
		{D5E4C645-FF2E-4F83-A287-3EA3E50D5833}.Debug-NET40|Mixed Platforms.Build.0 = Debug|Any CPU
		{D5E4C645-FF2E-4F83-A287-3EA3E50D5833}.Debug-NET40|x64.ActiveCfg = Debug|x64
		{D5E4C645-FF2E-4F83-A287-3EA3E50D5833}.Debug-NET40|x64.Build.0 = Debug|x64
		{D5E4C645-FF2E-4F83-A287-3EA3E50D5833}.Debug-NET40|x86.ActiveCfg = Debug|Any CPU
		{D5E4C645-FF2E-4F83-A287-3EA3E50D5833}.Debug-NET40|x86.Build.0 = Debug|Any CPU
		{D5E4C645-FF2E-4F83-A287-3EA3E50D5833}.Release|Any CPU.ActiveCfg = Release|Any CPU
		{D5E4C645-FF2E-4F83-A287-3EA3E50D5833}.Release|Any CPU.Build.0 = Release|Any CPU
		{D5E4C645-FF2E-4F83-A287-3EA3E50D5833}.Release|Mixed Platforms.ActiveCfg = Release|Any CPU
		{D5E4C645-FF2E-4F83-A287-3EA3E50D5833}.Release|Mixed Platforms.Build.0 = Release|Any CPU
		{D5E4C645-FF2E-4F83-A287-3EA3E50D5833}.Release|x64.ActiveCfg = Release|x64
		{D5E4C645-FF2E-4F83-A287-3EA3E50D5833}.Release|x64.Build.0 = Release|x64
		{D5E4C645-FF2E-4F83-A287-3EA3E50D5833}.Release|x86.ActiveCfg = Release|Any CPU
		{D5E4C645-FF2E-4F83-A287-3EA3E50D5833}.Release|x86.Build.0 = Release|Any CPU
		{D5E4C645-FF2E-4F83-A287-3EA3E50D5833}.Release-NET35|Any CPU.ActiveCfg = Release|Any CPU
		{D5E4C645-FF2E-4F83-A287-3EA3E50D5833}.Release-NET35|Any CPU.Build.0 = Release|Any CPU
		{D5E4C645-FF2E-4F83-A287-3EA3E50D5833}.Release-NET35|Mixed Platforms.ActiveCfg = Release|Any CPU
		{D5E4C645-FF2E-4F83-A287-3EA3E50D5833}.Release-NET35|Mixed Platforms.Build.0 = Release|Any CPU
		{D5E4C645-FF2E-4F83-A287-3EA3E50D5833}.Release-NET35|x64.ActiveCfg = Release|x64
		{D5E4C645-FF2E-4F83-A287-3EA3E50D5833}.Release-NET35|x64.Build.0 = Release|x64
		{D5E4C645-FF2E-4F83-A287-3EA3E50D5833}.Release-NET35|x86.ActiveCfg = Release|Any CPU
		{D5E4C645-FF2E-4F83-A287-3EA3E50D5833}.Release-NET35|x86.Build.0 = Release|Any CPU
		{D5E4C645-FF2E-4F83-A287-3EA3E50D5833}.Release-NET40|Any CPU.ActiveCfg = Release|Any CPU
		{D5E4C645-FF2E-4F83-A287-3EA3E50D5833}.Release-NET40|Any CPU.Build.0 = Release|Any CPU
		{D5E4C645-FF2E-4F83-A287-3EA3E50D5833}.Release-NET40|Mixed Platforms.ActiveCfg = Release|Any CPU
		{D5E4C645-FF2E-4F83-A287-3EA3E50D5833}.Release-NET40|Mixed Platforms.Build.0 = Release|Any CPU
		{D5E4C645-FF2E-4F83-A287-3EA3E50D5833}.Release-NET40|x64.ActiveCfg = Release|x64
		{D5E4C645-FF2E-4F83-A287-3EA3E50D5833}.Release-NET40|x64.Build.0 = Release|x64
		{D5E4C645-FF2E-4F83-A287-3EA3E50D5833}.Release-NET40|x86.ActiveCfg = Release|Any CPU
		{D5E4C645-FF2E-4F83-A287-3EA3E50D5833}.Release-NET40|x86.Build.0 = Release|Any CPU
		{78CF716A-850C-4259-8C2F-B31CF38A0EBB}.Debug|Any CPU.ActiveCfg = Debug|Any CPU
		{78CF716A-850C-4259-8C2F-B31CF38A0EBB}.Debug|Any CPU.Build.0 = Debug|Any CPU
		{78CF716A-850C-4259-8C2F-B31CF38A0EBB}.Debug|Mixed Platforms.ActiveCfg = Debug|Any CPU
		{78CF716A-850C-4259-8C2F-B31CF38A0EBB}.Debug|Mixed Platforms.Build.0 = Debug|Any CPU
		{78CF716A-850C-4259-8C2F-B31CF38A0EBB}.Debug|x64.ActiveCfg = Debug|x64
		{78CF716A-850C-4259-8C2F-B31CF38A0EBB}.Debug|x64.Build.0 = Debug|x64
		{78CF716A-850C-4259-8C2F-B31CF38A0EBB}.Debug|x86.ActiveCfg = Debug|Any CPU
		{78CF716A-850C-4259-8C2F-B31CF38A0EBB}.Debug|x86.Build.0 = Debug|Any CPU
		{78CF716A-850C-4259-8C2F-B31CF38A0EBB}.Debug-NET35|Any CPU.ActiveCfg = Debug|Any CPU
		{78CF716A-850C-4259-8C2F-B31CF38A0EBB}.Debug-NET35|Any CPU.Build.0 = Debug|Any CPU
		{78CF716A-850C-4259-8C2F-B31CF38A0EBB}.Debug-NET35|Mixed Platforms.ActiveCfg = Debug|Any CPU
		{78CF716A-850C-4259-8C2F-B31CF38A0EBB}.Debug-NET35|Mixed Platforms.Build.0 = Debug|Any CPU
		{78CF716A-850C-4259-8C2F-B31CF38A0EBB}.Debug-NET35|x64.ActiveCfg = Debug|x64
		{78CF716A-850C-4259-8C2F-B31CF38A0EBB}.Debug-NET35|x64.Build.0 = Debug|x64
		{78CF716A-850C-4259-8C2F-B31CF38A0EBB}.Debug-NET35|x86.ActiveCfg = Debug|Any CPU
		{78CF716A-850C-4259-8C2F-B31CF38A0EBB}.Debug-NET35|x86.Build.0 = Debug|Any CPU
		{78CF716A-850C-4259-8C2F-B31CF38A0EBB}.Debug-NET40|Any CPU.ActiveCfg = Debug|Any CPU
		{78CF716A-850C-4259-8C2F-B31CF38A0EBB}.Debug-NET40|Any CPU.Build.0 = Debug|Any CPU
		{78CF716A-850C-4259-8C2F-B31CF38A0EBB}.Debug-NET40|Mixed Platforms.ActiveCfg = Debug|Any CPU
		{78CF716A-850C-4259-8C2F-B31CF38A0EBB}.Debug-NET40|Mixed Platforms.Build.0 = Debug|Any CPU
		{78CF716A-850C-4259-8C2F-B31CF38A0EBB}.Debug-NET40|x64.ActiveCfg = Debug|x64
		{78CF716A-850C-4259-8C2F-B31CF38A0EBB}.Debug-NET40|x64.Build.0 = Debug|x64
		{78CF716A-850C-4259-8C2F-B31CF38A0EBB}.Debug-NET40|x86.ActiveCfg = Debug|Any CPU
		{78CF716A-850C-4259-8C2F-B31CF38A0EBB}.Debug-NET40|x86.Build.0 = Debug|Any CPU
		{78CF716A-850C-4259-8C2F-B31CF38A0EBB}.Release|Any CPU.ActiveCfg = Release|Any CPU
		{78CF716A-850C-4259-8C2F-B31CF38A0EBB}.Release|Any CPU.Build.0 = Release|Any CPU
		{78CF716A-850C-4259-8C2F-B31CF38A0EBB}.Release|Mixed Platforms.ActiveCfg = Release|Any CPU
		{78CF716A-850C-4259-8C2F-B31CF38A0EBB}.Release|Mixed Platforms.Build.0 = Release|Any CPU
		{78CF716A-850C-4259-8C2F-B31CF38A0EBB}.Release|x64.ActiveCfg = Release|x64
		{78CF716A-850C-4259-8C2F-B31CF38A0EBB}.Release|x64.Build.0 = Release|x64
		{78CF716A-850C-4259-8C2F-B31CF38A0EBB}.Release|x86.ActiveCfg = Release|Any CPU
		{78CF716A-850C-4259-8C2F-B31CF38A0EBB}.Release|x86.Build.0 = Release|Any CPU
		{78CF716A-850C-4259-8C2F-B31CF38A0EBB}.Release-NET35|Any CPU.ActiveCfg = Release|Any CPU
		{78CF716A-850C-4259-8C2F-B31CF38A0EBB}.Release-NET35|Any CPU.Build.0 = Release|Any CPU
		{78CF716A-850C-4259-8C2F-B31CF38A0EBB}.Release-NET35|Mixed Platforms.ActiveCfg = Release|Any CPU
		{78CF716A-850C-4259-8C2F-B31CF38A0EBB}.Release-NET35|Mixed Platforms.Build.0 = Release|Any CPU
		{78CF716A-850C-4259-8C2F-B31CF38A0EBB}.Release-NET35|x64.ActiveCfg = Release|x64
		{78CF716A-850C-4259-8C2F-B31CF38A0EBB}.Release-NET35|x64.Build.0 = Release|x64
		{78CF716A-850C-4259-8C2F-B31CF38A0EBB}.Release-NET35|x86.ActiveCfg = Release|Any CPU
		{78CF716A-850C-4259-8C2F-B31CF38A0EBB}.Release-NET35|x86.Build.0 = Release|Any CPU
		{78CF716A-850C-4259-8C2F-B31CF38A0EBB}.Release-NET40|Any CPU.ActiveCfg = Release|Any CPU
		{78CF716A-850C-4259-8C2F-B31CF38A0EBB}.Release-NET40|Any CPU.Build.0 = Release|Any CPU
		{78CF716A-850C-4259-8C2F-B31CF38A0EBB}.Release-NET40|Mixed Platforms.ActiveCfg = Release|Any CPU
		{78CF716A-850C-4259-8C2F-B31CF38A0EBB}.Release-NET40|Mixed Platforms.Build.0 = Release|Any CPU
		{78CF716A-850C-4259-8C2F-B31CF38A0EBB}.Release-NET40|x64.ActiveCfg = Release|x64
		{78CF716A-850C-4259-8C2F-B31CF38A0EBB}.Release-NET40|x64.Build.0 = Release|x64
		{78CF716A-850C-4259-8C2F-B31CF38A0EBB}.Release-NET40|x86.ActiveCfg = Release|Any CPU
		{78CF716A-850C-4259-8C2F-B31CF38A0EBB}.Release-NET40|x86.Build.0 = Release|Any CPU
	EndGlobalSection
	GlobalSection(SolutionProperties) = preSolution
		HideSolutionNode = FALSE
	EndGlobalSection
	GlobalSection(ExtensibilityGlobals) = postSolution
		SolutionGuid = {61ADC46B-B775-4ABD-AE0F-1A8DD2680084}
	EndGlobalSection
EndGlobal
